
Microsoft Visual Studio Solution File, Format Version 12.00
# Visual Studio Version 16
VisualStudioVersion = 16.0.32106.194
MinimumVisualStudioVersion = 10.0.40219.1
Project("{FAE04EC0-301F-11D3-BF4B-00C04F79EFBC}") = "Learning_CSharpe", "Learning_CSharpe\Learning_CSharpe.csproj", "{612D524F-1617-4678-820D-54FF454F7BE9}"
EndProject
Global
	GlobalSection(SolutionConfigurationPlatforms) = preSolution
		Debug|Any CPU = Debug|Any CPU
		Release|Any CPU = Release|Any CPU
	EndGlobalSection
	GlobalSection(ProjectConfigurationPlatforms) = postSolution
		{612D524F-1617-4678-820D-54FF454F7BE9}.Debug|Any CPU.ActiveCfg = Debug|Any CPU
		{612D524F-1617-4678-820D-54FF454F7BE9}.Debug|Any CPU.Build.0 = Debug|Any CPU
		{612D524F-1617-4678-820D-54FF454F7BE9}.Release|Any CPU.ActiveCfg = Release|Any CPU
		{612D524F-1617-4678-820D-54FF454F7BE9}.Release|Any CPU.Build.0 = Release|Any CPU
	EndGlobalSection
	GlobalSection(SolutionProperties) = preSolution
		HideSolutionNode = FALSE
	EndGlobalSection
	GlobalSection(ExtensibilityGlobals) = postSolution
		SolutionGuid = {73B1558C-F7E7-410A-8519-56B80363CBE2}
	EndGlobalSection
EndGlobal
